// !$*UTF8*$!
{
	archiveVersion = 1;
	classes = {
	};
	objectVersion = 55;
	objects = {

/* Begin PBXBuildFile section */
		EE13000B2848BD0E00F5EB49 /* AppDelegate.swift in Sources */ = {isa = PBXBuildFile; fileRef = EE13000A2848BD0E00F5EB49 /* AppDelegate.swift */; };
		EE13000D2848BD0E00F5EB49 /* SceneDelegate.swift in Sources */ = {isa = PBXBuildFile; fileRef = EE13000C2848BD0E00F5EB49 /* SceneDelegate.swift */; };
		EE1300122848BD0E00F5EB49 /* Main.storyboard in Resources */ = {isa = PBXBuildFile; fileRef = EE1300102848BD0E00F5EB49 /* Main.storyboard */; };
		EE1300142848BD0E00F5EB49 /* Assets.xcassets in Resources */ = {isa = PBXBuildFile; fileRef = EE1300132848BD0E00F5EB49 /* Assets.xcassets */; };
		EE1300172848BD0E00F5EB49 /* LaunchScreen.storyboard in Resources */ = {isa = PBXBuildFile; fileRef = EE1300152848BD0E00F5EB49 /* LaunchScreen.storyboard */; };
		EE13001F2848BF3B00F5EB49 /* RestaurantTableViewController.swift in Sources */ = {isa = PBXBuildFile; fileRef = EE13001E2848BF3B00F5EB49 /* RestaurantTableViewController.swift */; };
		EE1300212848F92600F5EB49 /* RestaurantTableViewCell.swift in Sources */ = {isa = PBXBuildFile; fileRef = EE1300202848F92600F5EB49 /* RestaurantTableViewCell.swift */; };
		EE3C1D912874668E00823D6B /* MapViewController.swift in Sources */ = {isa = PBXBuildFile; fileRef = EE3C1D902874668E00823D6B /* MapViewController.swift */; };
		EE3C1D932875A1BF00823D6B /* RateViewController.swift in Sources */ = {isa = PBXBuildFile; fileRef = EE3C1D922875A1BF00823D6B /* RateViewController.swift */; };
		EE3C1D952876E72600823D6B /* RoundedTextField.swift in Sources */ = {isa = PBXBuildFile; fileRef = EE3C1D942876E72600823D6B /* RoundedTextField.swift */; };
		EE3C1D972876E9EE00823D6B /* NewRestaurantController.swift in Sources */ = {isa = PBXBuildFile; fileRef = EE3C1D962876E9EE00823D6B /* NewRestaurantController.swift */; };
		EE3C1D9A28770B9200823D6B /* FoodPin.xcdatamodeld in Sources */ = {isa = PBXBuildFile; fileRef = EE3C1D9828770B9200823D6B /* FoodPin.xcdatamodeld */; };
		EE3C1D9C287C4FA000823D6B /* Onboarding.storyboard in Resources */ = {isa = PBXBuildFile; fileRef = EE3C1D9B287C4FA000823D6B /* Onboarding.storyboard */; };
		EE3C1D9E287D5EF000823D6B /* WalkthroughContentViewController.swift in Sources */ = {isa = PBXBuildFile; fileRef = EE3C1D9D287D5EF000823D6B /* WalkthroughContentViewController.swift */; };
		EE3C1DA0287D60D900823D6B /* WalkthroughPageViewController.swift in Sources */ = {isa = PBXBuildFile; fileRef = EE3C1D9F287D60D900823D6B /* WalkthroughPageViewController.swift */; };
		EE3C1DA2287D680700823D6B /* WalkthroughViewController.swift in Sources */ = {isa = PBXBuildFile; fileRef = EE3C1DA1287D680700823D6B /* WalkthroughViewController.swift */; };
		EE3C1DA5287DD33C00823D6B /* About.storyboard in Resources */ = {isa = PBXBuildFile; fileRef = EE3C1DA3287DD33C00823D6B /* About.storyboard */; };
		EE3C1DA7287DD59600823D6B /* Discover.storyboard in Resources */ = {isa = PBXBuildFile; fileRef = EE3C1DA6287DD59600823D6B /* Discover.storyboard */; };
		EE3C1DA9287DD97400823D6B /* AboutTableViewController.swift in Sources */ = {isa = PBXBuildFile; fileRef = EE3C1DA8287DD97400823D6B /* AboutTableViewController.swift */; };
		EE3C1DAB287DE9C600823D6B /* WebViewController.swift in Sources */ = {isa = PBXBuildFile; fileRef = EE3C1DAA287DE9C600823D6B /* WebViewController.swift */; };
		EE3C1DAE288575E300823D6B /* CloudKit.framework in Frameworks */ = {isa = PBXBuildFile; fileRef = EE3C1DAD288575E300823D6B /* CloudKit.framework */; };
		EE3C1DB0288580FA00823D6B /* DiscoverTableViewController.swift in Sources */ = {isa = PBXBuildFile; fileRef = EE3C1DAF288580FA00823D6B /* DiscoverTableViewController.swift */; };
		EE417E1428732BA900274C66 /* UIColor+Ext.swift in Sources */ = {isa = PBXBuildFile; fileRef = EE417E1328732BA900274C66 /* UIColor+Ext.swift */; };
		EE417E162873300400274C66 /* NavgationController.swift in Sources */ = {isa = PBXBuildFile; fileRef = EE417E152873300400274C66 /* NavgationController.swift */; };
		EE417E192874513100274C66 /* MapKit.framework in Frameworks */ = {isa = PBXBuildFile; fileRef = EE417E182874513100274C66 /* MapKit.framework */; };
		EE417E1B2874542E00274C66 /* RestaurantDetailMapCell.swift in Sources */ = {isa = PBXBuildFile; fileRef = EE417E1A2874542E00274C66 /* RestaurantDetailMapCell.swift */; };
		EE4409A028587C900059AAB2 /* RestaurantDetailViewController.swift in Sources */ = {isa = PBXBuildFile; fileRef = EE44099F28587C900059AAB2 /* RestaurantDetailViewController.swift */; };
		EE4409A82858A93A0059AAB2 /* RestaurantDetailHeaderView.swift in Sources */ = {isa = PBXBuildFile; fileRef = EE4409A72858A93A0059AAB2 /* RestaurantDetailHeaderView.swift */; };
		EE4409AB2858D59C0059AAB2 /* Nunito-Regular.ttf in Resources */ = {isa = PBXBuildFile; fileRef = EE4409A92858D59C0059AAB2 /* Nunito-Regular.ttf */; };
		EE4409AC2858D59C0059AAB2 /* Nunito-Bold.ttf in Resources */ = {isa = PBXBuildFile; fileRef = EE4409AA2858D59C0059AAB2 /* Nunito-Bold.ttf */; };
		EE80DB4C2858D7EB00DEE292 /* RestaurantDetailTextCell.swift in Sources */ = {isa = PBXBuildFile; fileRef = EE80DB4B2858D7EB00DEE292 /* RestaurantDetailTextCell.swift */; };
		EE80DB4E2858DA7900DEE292 /* TwoColumnCell.swift in Sources */ = {isa = PBXBuildFile; fileRef = EE80DB4D2858DA7900DEE292 /* TwoColumnCell.swift */; };
		EEDF6ABD2857549400D44A18 /* Restaurant.swift in Sources */ = {isa = PBXBuildFile; fileRef = EEDF6ABC2857549400D44A18 /* Restaurant.swift */; };
		EEDF6AC5285772A000D44A18 /* RestaurantDiffableDataSource.swift in Sources */ = {isa = PBXBuildFile; fileRef = EEDF6AC4285772A000D44A18 /* RestaurantDiffableDataSource.swift */; };
/* End PBXBuildFile section */

/* Begin PBXFileReference section */
		EE1300072848BD0E00F5EB49 /* FoodPin.app */ = {isa = PBXFileReference; explicitFileType = wrapper.application; includeInIndex = 0; path = FoodPin.app; sourceTree = BUILT_PRODUCTS_DIR; };
		EE13000A2848BD0E00F5EB49 /* AppDelegate.swift */ = {isa = PBXFileReference; lastKnownFileType = sourcecode.swift; path = AppDelegate.swift; sourceTree = "<group>"; };
		EE13000C2848BD0E00F5EB49 /* SceneDelegate.swift */ = {isa = PBXFileReference; lastKnownFileType = sourcecode.swift; path = SceneDelegate.swift; sourceTree = "<group>"; };
		EE1300112848BD0E00F5EB49 /* Base */ = {isa = PBXFileReference; lastKnownFileType = file.storyboard; name = Base; path = Base.lproj/Main.storyboard; sourceTree = "<group>"; };
		EE1300132848BD0E00F5EB49 /* Assets.xcassets */ = {isa = PBXFileReference; lastKnownFileType = folder.assetcatalog; path = Assets.xcassets; sourceTree = "<group>"; };
		EE1300162848BD0E00F5EB49 /* Base */ = {isa = PBXFileReference; lastKnownFileType = file.storyboard; name = Base; path = Base.lproj/LaunchScreen.storyboard; sourceTree = "<group>"; };
		EE1300182848BD0E00F5EB49 /* Info.plist */ = {isa = PBXFileReference; lastKnownFileType = text.plist.xml; path = Info.plist; sourceTree = "<group>"; };
		EE13001E2848BF3B00F5EB49 /* RestaurantTableViewController.swift */ = {isa = PBXFileReference; lastKnownFileType = sourcecode.swift; path = RestaurantTableViewController.swift; sourceTree = "<group>"; };
		EE1300202848F92600F5EB49 /* RestaurantTableViewCell.swift */ = {isa = PBXFileReference; lastKnownFileType = sourcecode.swift; path = RestaurantTableViewCell.swift; sourceTree = "<group>"; };
		EE3C1D902874668E00823D6B /* MapViewController.swift */ = {isa = PBXFileReference; lastKnownFileType = sourcecode.swift; path = MapViewController.swift; sourceTree = "<group>"; };
		EE3C1D922875A1BF00823D6B /* RateViewController.swift */ = {isa = PBXFileReference; lastKnownFileType = sourcecode.swift; path = RateViewController.swift; sourceTree = "<group>"; };
		EE3C1D942876E72600823D6B /* RoundedTextField.swift */ = {isa = PBXFileReference; lastKnownFileType = sourcecode.swift; path = RoundedTextField.swift; sourceTree = "<group>"; };
		EE3C1D962876E9EE00823D6B /* NewRestaurantController.swift */ = {isa = PBXFileReference; lastKnownFileType = sourcecode.swift; path = NewRestaurantController.swift; sourceTree = "<group>"; };
		EE3C1D9928770B9200823D6B /* FoodPin.xcdatamodel */ = {isa = PBXFileReference; lastKnownFileType = wrapper.xcdatamodel; path = FoodPin.xcdatamodel; sourceTree = "<group>"; };
		EE3C1D9B287C4FA000823D6B /* Onboarding.storyboard */ = {isa = PBXFileReference; lastKnownFileType = file.storyboard; path = Onboarding.storyboard; sourceTree = "<group>"; };
		EE3C1D9D287D5EF000823D6B /* WalkthroughContentViewController.swift */ = {isa = PBXFileReference; lastKnownFileType = sourcecode.swift; path = WalkthroughContentViewController.swift; sourceTree = "<group>"; };
		EE3C1D9F287D60D900823D6B /* WalkthroughPageViewController.swift */ = {isa = PBXFileReference; lastKnownFileType = sourcecode.swift; path = WalkthroughPageViewController.swift; sourceTree = "<group>"; };
		EE3C1DA1287D680700823D6B /* WalkthroughViewController.swift */ = {isa = PBXFileReference; lastKnownFileType = sourcecode.swift; path = WalkthroughViewController.swift; sourceTree = "<group>"; };
		EE3C1DA4287DD33C00823D6B /* Base */ = {isa = PBXFileReference; lastKnownFileType = file.storyboard; name = Base; path = FoodPin/Storyboard/Base.lproj/About.storyboard; sourceTree = "<group>"; };
		EE3C1DA6287DD59600823D6B /* Discover.storyboard */ = {isa = PBXFileReference; fileEncoding = 4; lastKnownFileType = file.storyboard; path = Discover.storyboard; sourceTree = "<group>"; };
		EE3C1DA8287DD97400823D6B /* AboutTableViewController.swift */ = {isa = PBXFileReference; lastKnownFileType = sourcecode.swift; path = AboutTableViewController.swift; sourceTree = "<group>"; };
		EE3C1DAA287DE9C600823D6B /* WebViewController.swift */ = {isa = PBXFileReference; lastKnownFileType = sourcecode.swift; path = WebViewController.swift; sourceTree = "<group>"; };
		EE3C1DAC288575DB00823D6B /* FoodPin.entitlements */ = {isa = PBXFileReference; lastKnownFileType = text.plist.entitlements; path = FoodPin.entitlements; sourceTree = "<group>"; };
		EE3C1DAD288575E300823D6B /* CloudKit.framework */ = {isa = PBXFileReference; lastKnownFileType = wrapper.framework; name = CloudKit.framework; path = System/Library/Frameworks/CloudKit.framework; sourceTree = SDKROOT; };
		EE3C1DAF288580FA00823D6B /* DiscoverTableViewController.swift */ = {isa = PBXFileReference; lastKnownFileType = sourcecode.swift; path = DiscoverTableViewController.swift; sourceTree = "<group>"; };
		EE417E1328732BA900274C66 /* UIColor+Ext.swift */ = {isa = PBXFileReference; lastKnownFileType = sourcecode.swift; path = "UIColor+Ext.swift"; sourceTree = "<group>"; };
		EE417E152873300400274C66 /* NavgationController.swift */ = {isa = PBXFileReference; lastKnownFileType = sourcecode.swift; path = NavgationController.swift; sourceTree = "<group>"; };
		EE417E182874513100274C66 /* MapKit.framework */ = {isa = PBXFileReference; lastKnownFileType = wrapper.framework; name = MapKit.framework; path = System/Library/Frameworks/MapKit.framework; sourceTree = SDKROOT; };
		EE417E1A2874542E00274C66 /* RestaurantDetailMapCell.swift */ = {isa = PBXFileReference; lastKnownFileType = sourcecode.swift; path = RestaurantDetailMapCell.swift; sourceTree = "<group>"; };
		EE44099F28587C900059AAB2 /* RestaurantDetailViewController.swift */ = {isa = PBXFileReference; lastKnownFileType = sourcecode.swift; path = RestaurantDetailViewController.swift; sourceTree = "<group>"; };
		EE4409A72858A93A0059AAB2 /* RestaurantDetailHeaderView.swift */ = {isa = PBXFileReference; lastKnownFileType = sourcecode.swift; path = RestaurantDetailHeaderView.swift; sourceTree = "<group>"; };
		EE4409A92858D59C0059AAB2 /* Nunito-Regular.ttf */ = {isa = PBXFileReference; lastKnownFileType = file; path = "Nunito-Regular.ttf"; sourceTree = "<group>"; };
		EE4409AA2858D59C0059AAB2 /* Nunito-Bold.ttf */ = {isa = PBXFileReference; lastKnownFileType = file; path = "Nunito-Bold.ttf"; sourceTree = "<group>"; };
		EE80DB4B2858D7EB00DEE292 /* RestaurantDetailTextCell.swift */ = {isa = PBXFileReference; lastKnownFileType = sourcecode.swift; path = RestaurantDetailTextCell.swift; sourceTree = "<group>"; };
		EE80DB4D2858DA7900DEE292 /* TwoColumnCell.swift */ = {isa = PBXFileReference; lastKnownFileType = sourcecode.swift; path = TwoColumnCell.swift; sourceTree = "<group>"; };
		EEDF6ABC2857549400D44A18 /* Restaurant.swift */ = {isa = PBXFileReference; lastKnownFileType = sourcecode.swift; path = Restaurant.swift; sourceTree = "<group>"; };
		EEDF6AC4285772A000D44A18 /* RestaurantDiffableDataSource.swift */ = {isa = PBXFileReference; lastKnownFileType = sourcecode.swift; path = RestaurantDiffableDataSource.swift; sourceTree = "<group>"; };
/* End PBXFileReference section */

/* Begin PBXFrameworksBuildPhase section */
		EE1300042848BD0E00F5EB49 /* Frameworks */ = {
			isa = PBXFrameworksBuildPhase;
			buildActionMask = 2147483647;
			files = (
				EE417E192874513100274C66 /* MapKit.framework in Frameworks */,
				EE3C1DAE288575E300823D6B /* CloudKit.framework in Frameworks */,
			);
			runOnlyForDeploymentPostprocessing = 0;
		};
/* End PBXFrameworksBuildPhase section */

/* Begin PBXGroup section */
		EE1300082848BD0E00F5EB49 /* Products */ = {
			isa = PBXGroup;
			children = (
				EE1300072848BD0E00F5EB49 /* FoodPin.app */,
			);
			name = Products;
			sourceTree = "<group>";
		};
		EE1300092848BD0E00F5EB49 /* FoodPin */ = {
			isa = PBXGroup;
			children = (
				EE3C1DAC288575DB00823D6B /* FoodPin.entitlements */,
				EE4409A12858A3DC0059AAB2 /* Resources */,
				EEDF6AC128575C7200D44A18 /* Storyboard */,
				EEDF6ABF28575C2A00D44A18 /* Model */,
				EEDF6AC028575C5100D44A18 /* View */,
				EEDF6ABE28575BFB00D44A18 /* Controller */,
				EE417E1228732B7700274C66 /* Extensions */,
				EE13000A2848BD0E00F5EB49 /* AppDelegate.swift */,
				EE13000C2848BD0E00F5EB49 /* SceneDelegate.swift */,
				EE1300132848BD0E00F5EB49 /* Assets.xcassets */,
				EE1300182848BD0E00F5EB49 /* Info.plist */,
				EE3C1D9828770B9200823D6B /* FoodPin.xcdatamodeld */,
			);
			path = FoodPin;
			sourceTree = "<group>";
		};
		EE13FFFE2848BD0E00F5EB49 = {
			isa = PBXGroup;
			children = (
				EE1300092848BD0E00F5EB49 /* FoodPin */,
				EE1300082848BD0E00F5EB49 /* Products */,
				EE417E172874513100274C66 /* Frameworks */,
			);
			sourceTree = "<group>";
		};
		EE417E1228732B7700274C66 /* Extensions */ = {
			isa = PBXGroup;
			children = (
				EE417E1328732BA900274C66 /* UIColor+Ext.swift */,
			);
			path = Extensions;
			sourceTree = "<group>";
		};
		EE417E172874513100274C66 /* Frameworks */ = {
			isa = PBXGroup;
			children = (
				EE3C1DAD288575E300823D6B /* CloudKit.framework */,
				EE417E182874513100274C66 /* MapKit.framework */,
			);
			name = Frameworks;
			sourceTree = "<group>";
		};
		EE4409A12858A3DC0059AAB2 /* Resources */ = {
			isa = PBXGroup;
			children = (
				EE4409A22858A3EC0059AAB2 /* Fonts */,
			);
			path = Resources;
			sourceTree = "<group>";
		};
		EE4409A22858A3EC0059AAB2 /* Fonts */ = {
			isa = PBXGroup;
			children = (
				EE4409AA2858D59C0059AAB2 /* Nunito-Bold.ttf */,
				EE4409A92858D59C0059AAB2 /* Nunito-Regular.ttf */,
			);
			path = Fonts;
			sourceTree = "<group>";
		};
		EEDF6ABE28575BFB00D44A18 /* Controller */ = {
			isa = PBXGroup;
			children = (
				EE417E152873300400274C66 /* NavgationController.swift */,
				EE13001E2848BF3B00F5EB49 /* RestaurantTableViewController.swift */,
				EE44099F28587C900059AAB2 /* RestaurantDetailViewController.swift */,
				EE3C1D902874668E00823D6B /* MapViewController.swift */,
				EE3C1D922875A1BF00823D6B /* RateViewController.swift */,
				EE3C1D962876E9EE00823D6B /* NewRestaurantController.swift */,
				EE3C1D9D287D5EF000823D6B /* WalkthroughContentViewController.swift */,
				EE3C1D9F287D60D900823D6B /* WalkthroughPageViewController.swift */,
				EE3C1DA1287D680700823D6B /* WalkthroughViewController.swift */,
				EE3C1DA8287DD97400823D6B /* AboutTableViewController.swift */,
				EE3C1DAA287DE9C600823D6B /* WebViewController.swift */,
				EE3C1DAF288580FA00823D6B /* DiscoverTableViewController.swift */,
			);
			path = Controller;
			sourceTree = "<group>";
		};
		EEDF6ABF28575C2A00D44A18 /* Model */ = {
			isa = PBXGroup;
			children = (
				EEDF6ABC2857549400D44A18 /* Restaurant.swift */,
				EEDF6AC4285772A000D44A18 /* RestaurantDiffableDataSource.swift */,
			);
			path = Model;
			sourceTree = "<group>";
		};
		EEDF6AC028575C5100D44A18 /* View */ = {
			isa = PBXGroup;
			children = (
				EE1300202848F92600F5EB49 /* RestaurantTableViewCell.swift */,
				EE4409A72858A93A0059AAB2 /* RestaurantDetailHeaderView.swift */,
				EE80DB4B2858D7EB00DEE292 /* RestaurantDetailTextCell.swift */,
				EE80DB4D2858DA7900DEE292 /* TwoColumnCell.swift */,
				EE417E1A2874542E00274C66 /* RestaurantDetailMapCell.swift */,
				EE3C1D942876E72600823D6B /* RoundedTextField.swift */,
			);
			path = View;
			sourceTree = "<group>";
		};
		EEDF6AC128575C7200D44A18 /* Storyboard */ = {
			isa = PBXGroup;
			children = (
				EE1300102848BD0E00F5EB49 /* Main.storyboard */,
				EE3C1DA3287DD33C00823D6B /* About.storyboard */,
				EE3C1DA6287DD59600823D6B /* Discover.storyboard */,
				EE3C1D9B287C4FA000823D6B /* Onboarding.storyboard */,
				EE1300152848BD0E00F5EB49 /* LaunchScreen.storyboard */,
			);
			path = Storyboard;
			sourceTree = "<group>";
		};
/* End PBXGroup section */

/* Begin PBXNativeTarget section */
		EE1300062848BD0E00F5EB49 /* FoodPin */ = {
			isa = PBXNativeTarget;
			buildConfigurationList = EE13001B2848BD0E00F5EB49 /* Build configuration list for PBXNativeTarget "FoodPin" */;
			buildPhases = (
				EE1300032848BD0E00F5EB49 /* Sources */,
				EE1300042848BD0E00F5EB49 /* Frameworks */,
				EE1300052848BD0E00F5EB49 /* Resources */,
			);
			buildRules = (
			);
			dependencies = (
			);
			name = FoodPin;
			productName = FoodPin;
			productReference = EE1300072848BD0E00F5EB49 /* FoodPin.app */;
			productType = "com.apple.product-type.application";
		};
/* End PBXNativeTarget section */

/* Begin PBXProject section */
		EE13FFFF2848BD0E00F5EB49 /* Project object */ = {
			isa = PBXProject;
			attributes = {
				BuildIndependentTargetsInParallel = 1;
				LastSwiftUpdateCheck = 1340;
				LastUpgradeCheck = 1340;
				TargetAttributes = {
					EE1300062848BD0E00F5EB49 = {
						CreatedOnToolsVersion = 13.4;
					};
				};
			};
			buildConfigurationList = EE1300022848BD0E00F5EB49 /* Build configuration list for PBXProject "FoodPin" */;
			compatibilityVersion = "Xcode 13.0";
			developmentRegion = en;
			hasScannedForEncodings = 0;
			knownRegions = (
				en,
				Base,
			);
			mainGroup = EE13FFFE2848BD0E00F5EB49;
			productRefGroup = EE1300082848BD0E00F5EB49 /* Products */;
			projectDirPath = "";
			projectRoot = "";
			targets = (
				EE1300062848BD0E00F5EB49 /* FoodPin */,
			);
		};
/* End PBXProject section */

/* Begin PBXResourcesBuildPhase section */
		EE1300052848BD0E00F5EB49 /* Resources */ = {
			isa = PBXResourcesBuildPhase;
			buildActionMask = 2147483647;
			files = (
				EE4409AC2858D59C0059AAB2 /* Nunito-Bold.ttf in Resources */,
				EE3C1DA7287DD59600823D6B /* Discover.storyboard in Resources */,
				EE3C1DA5287DD33C00823D6B /* About.storyboard in Resources */,
				EE4409AB2858D59C0059AAB2 /* Nunito-Regular.ttf in Resources */,
				EE1300172848BD0E00F5EB49 /* LaunchScreen.storyboard in Resources */,
				EE3C1D9C287C4FA000823D6B /* Onboarding.storyboard in Resources */,
				EE1300142848BD0E00F5EB49 /* Assets.xcassets in Resources */,
				EE1300122848BD0E00F5EB49 /* Main.storyboard in Resources */,
			);
			runOnlyForDeploymentPostprocessing = 0;
		};
/* End PBXResourcesBuildPhase section */

/* Begin PBXSourcesBuildPhase section */
		EE1300032848BD0E00F5EB49 /* Sources */ = {
			isa = PBXSourcesBuildPhase;
			buildActionMask = 2147483647;
			files = (
				EEDF6ABD2857549400D44A18 /* Restaurant.swift in Sources */,
				EE80DB4C2858D7EB00DEE292 /* RestaurantDetailTextCell.swift in Sources */,
				EE3C1DA0287D60D900823D6B /* WalkthroughPageViewController.swift in Sources */,
				EE3C1DA9287DD97400823D6B /* AboutTableViewController.swift in Sources */,
				EE3C1D972876E9EE00823D6B /* NewRestaurantController.swift in Sources */,
				EE1300212848F92600F5EB49 /* RestaurantTableViewCell.swift in Sources */,
				EE3C1D932875A1BF00823D6B /* RateViewController.swift in Sources */,
				EE417E162873300400274C66 /* NavgationController.swift in Sources */,
				EE13000B2848BD0E00F5EB49 /* AppDelegate.swift in Sources */,
				EE417E1428732BA900274C66 /* UIColor+Ext.swift in Sources */,
				EE13000D2848BD0E00F5EB49 /* SceneDelegate.swift in Sources */,
				EEDF6AC5285772A000D44A18 /* RestaurantDiffableDataSource.swift in Sources */,
				EE4409A028587C900059AAB2 /* RestaurantDetailViewController.swift in Sources */,
				EE4409A82858A93A0059AAB2 /* RestaurantDetailHeaderView.swift in Sources */,
				EE3C1DAB287DE9C600823D6B /* WebViewController.swift in Sources */,
				EE3C1D9E287D5EF000823D6B /* WalkthroughContentViewController.swift in Sources */,
				EE3C1D952876E72600823D6B /* RoundedTextField.swift in Sources */,
				EE3C1DA2287D680700823D6B /* WalkthroughViewController.swift in Sources */,
				EE417E1B2874542E00274C66 /* RestaurantDetailMapCell.swift in Sources */,
				EE80DB4E2858DA7900DEE292 /* TwoColumnCell.swift in Sources */,
				EE13001F2848BF3B00F5EB49 /* RestaurantTableViewController.swift in Sources */,
				EE3C1D912874668E00823D6B /* MapViewController.swift in Sources */,
				EE3C1DB0288580FA00823D6B /* DiscoverTableViewController.swift in Sources */,
				EE3C1D9A28770B9200823D6B /* FoodPin.xcdatamodeld in Sources */,
			);
			runOnlyForDeploymentPostprocessing = 0;
		};
/* End PBXSourcesBuildPhase section */

/* Begin PBXVariantGroup section */
		EE1300102848BD0E00F5EB49 /* Main.storyboard */ = {
			isa = PBXVariantGroup;
			children = (
				EE1300112848BD0E00F5EB49 /* Base */,
			);
			name = Main.storyboard;
			sourceTree = "<group>";
		};
		EE1300152848BD0E00F5EB49 /* LaunchScreen.storyboard */ = {
			isa = PBXVariantGroup;
			children = (
				EE1300162848BD0E00F5EB49 /* Base */,
			);
			name = LaunchScreen.storyboard;
			sourceTree = "<group>";
		};
		EE3C1DA3287DD33C00823D6B /* About.storyboard */ = {
			isa = PBXVariantGroup;
			children = (
				EE3C1DA4287DD33C00823D6B /* Base */,
			);
			name = About.storyboard;
			sourceTree = "<group>";
		};
/* End PBXVariantGroup section */

/* Begin XCBuildConfiguration section */
		EE1300192848BD0E00F5EB49 /* Debug */ = {
			isa = XCBuildConfiguration;
			buildSettings = {
				ALWAYS_SEARCH_USER_PATHS = NO;
				CLANG_ANALYZER_NONNULL = YES;
				CLANG_ANALYZER_NUMBER_OBJECT_CONVERSION = YES_AGGRESSIVE;
				CLANG_CXX_LANGUAGE_STANDARD = "gnu++17";
				CLANG_ENABLE_MODULES = YES;
				CLANG_ENABLE_OBJC_ARC = YES;
				CLANG_ENABLE_OBJC_WEAK = YES;
				CLANG_WARN_BLOCK_CAPTURE_AUTORELEASING = YES;
				CLANG_WARN_BOOL_CONVERSION = YES;
				CLANG_WARN_COMMA = YES;
				CLANG_WARN_CONSTANT_CONVERSION = YES;
				CLANG_WARN_DEPRECATED_OBJC_IMPLEMENTATIONS = YES;
				CLANG_WARN_DIRECT_OBJC_ISA_USAGE = YES_ERROR;
				CLANG_WARN_DOCUMENTATION_COMMENTS = YES;
				CLANG_WARN_EMPTY_BODY = YES;
				CLANG_WARN_ENUM_CONVERSION = YES;
				CLANG_WARN_INFINITE_RECURSION = YES;
				CLANG_WARN_INT_CONVERSION = YES;
				CLANG_WARN_NON_LITERAL_NULL_CONVERSION = YES;
				CLANG_WARN_OBJC_IMPLICIT_RETAIN_SELF = YES;
				CLANG_WARN_OBJC_LITERAL_CONVERSION = YES;
				CLANG_WARN_OBJC_ROOT_CLASS = YES_ERROR;
				CLANG_WARN_QUOTED_INCLUDE_IN_FRAMEWORK_HEADER = YES;
				CLANG_WARN_RANGE_LOOP_ANALYSIS = YES;
				CLANG_WARN_STRICT_PROTOTYPES = YES;
				CLANG_WARN_SUSPICIOUS_MOVE = YES;
				CLANG_WARN_UNGUARDED_AVAILABILITY = YES_AGGRESSIVE;
				CLANG_WARN_UNREACHABLE_CODE = YES;
				CLANG_WARN__DUPLICATE_METHOD_MATCH = YES;
				COPY_PHASE_STRIP = NO;
				DEBUG_INFORMATION_FORMAT = dwarf;
				ENABLE_STRICT_OBJC_MSGSEND = YES;
				ENABLE_TESTABILITY = YES;
				GCC_C_LANGUAGE_STANDARD = gnu11;
				GCC_DYNAMIC_NO_PIC = NO;
				GCC_NO_COMMON_BLOCKS = YES;
				GCC_OPTIMIZATION_LEVEL = 0;
				GCC_PREPROCESSOR_DEFINITIONS = (
					"DEBUG=1",
					"$(inherited)",
				);
				GCC_WARN_64_TO_32_BIT_CONVERSION = YES;
				GCC_WARN_ABOUT_RETURN_TYPE = YES_ERROR;
				GCC_WARN_UNDECLARED_SELECTOR = YES;
				GCC_WARN_UNINITIALIZED_AUTOS = YES_AGGRESSIVE;
				GCC_WARN_UNUSED_FUNCTION = YES;
				GCC_WARN_UNUSED_VARIABLE = YES;
				IPHONEOS_DEPLOYMENT_TARGET = 15.5;
				MTL_ENABLE_DEBUG_INFO = INCLUDE_SOURCE;
				MTL_FAST_MATH = YES;
				ONLY_ACTIVE_ARCH = YES;
				SDKROOT = iphoneos;
				SWIFT_ACTIVE_COMPILATION_CONDITIONS = DEBUG;
				SWIFT_OPTIMIZATION_LEVEL = "-Onone";
			};
			name = Debug;
		};
		EE13001A2848BD0E00F5EB49 /* Release */ = {
			isa = XCBuildConfiguration;
			buildSettings = {
				ALWAYS_SEARCH_USER_PATHS = NO;
				CLANG_ANALYZER_NONNULL = YES;
				CLANG_ANALYZER_NUMBER_OBJECT_CONVERSION = YES_AGGRESSIVE;
				CLANG_CXX_LANGUAGE_STANDARD = "gnu++17";
				CLANG_ENABLE_MODULES = YES;
				CLANG_ENABLE_OBJC_ARC = YES;
				CLANG_ENABLE_OBJC_WEAK = YES;
				CLANG_WARN_BLOCK_CAPTURE_AUTORELEASING = YES;
				CLANG_WARN_BOOL_CONVERSION = YES;
				CLANG_WARN_COMMA = YES;
				CLANG_WARN_CONSTANT_CONVERSION = YES;
				CLANG_WARN_DEPRECATED_OBJC_IMPLEMENTATIONS = YES;
				CLANG_WARN_DIRECT_OBJC_ISA_USAGE = YES_ERROR;
				CLANG_WARN_DOCUMENTATION_COMMENTS = YES;
				CLANG_WARN_EMPTY_BODY = YES;
				CLANG_WARN_ENUM_CONVERSION = YES;
				CLANG_WARN_INFINITE_RECURSION = YES;
				CLANG_WARN_INT_CONVERSION = YES;
				CLANG_WARN_NON_LITERAL_NULL_CONVERSION = YES;
				CLANG_WARN_OBJC_IMPLICIT_RETAIN_SELF = YES;
				CLANG_WARN_OBJC_LITERAL_CONVERSION = YES;
				CLANG_WARN_OBJC_ROOT_CLASS = YES_ERROR;
				CLANG_WARN_QUOTED_INCLUDE_IN_FRAMEWORK_HEADER = YES;
				CLANG_WARN_RANGE_LOOP_ANALYSIS = YES;
				CLANG_WARN_STRICT_PROTOTYPES = YES;
				CLANG_WARN_SUSPICIOUS_MOVE = YES;
				CLANG_WARN_UNGUARDED_AVAILABILITY = YES_AGGRESSIVE;
				CLANG_WARN_UNREACHABLE_CODE = YES;
				CLANG_WARN__DUPLICATE_METHOD_MATCH = YES;
				COPY_PHASE_STRIP = NO;
				DEBUG_INFORMATION_FORMAT = "dwarf-with-dsym";
				ENABLE_NS_ASSERTIONS = NO;
				ENABLE_STRICT_OBJC_MSGSEND = YES;
				GCC_C_LANGUAGE_STANDARD = gnu11;
				GCC_NO_COMMON_BLOCKS = YES;
				GCC_WARN_64_TO_32_BIT_CONVERSION = YES;
				GCC_WARN_ABOUT_RETURN_TYPE = YES_ERROR;
				GCC_WARN_UNDECLARED_SELECTOR = YES;
				GCC_WARN_UNINITIALIZED_AUTOS = YES_AGGRESSIVE;
				GCC_WARN_UNUSED_FUNCTION = YES;
				GCC_WARN_UNUSED_VARIABLE = YES;
				IPHONEOS_DEPLOYMENT_TARGET = 15.5;
				MTL_ENABLE_DEBUG_INFO = NO;
				MTL_FAST_MATH = YES;
				SDKROOT = iphoneos;
				SWIFT_COMPILATION_MODE = wholemodule;
				SWIFT_OPTIMIZATION_LEVEL = "-O";
				VALIDATE_PRODUCT = YES;
			};
			name = Release;
		};
		EE13001C2848BD0E00F5EB49 /* Debug */ = {
			isa = XCBuildConfiguration;
			buildSettings = {
				ASSETCATALOG_COMPILER_APPICON_NAME = AppIcon;
				ASSETCATALOG_COMPILER_GLOBAL_ACCENT_COLOR_NAME = AccentColor;
				CODE_SIGN_ENTITLEMENTS = FoodPin/FoodPin.entitlements;
				CODE_SIGN_STYLE = Automatic;
				CURRENT_PROJECT_VERSION = 1;
				DEVELOPMENT_TEAM = Y6QUADNDDA;
				GENERATE_INFOPLIST_FILE = YES;
				INFOPLIST_FILE = FoodPin/Info.plist;
				INFOPLIST_KEY_UIApplicationSupportsIndirectInputEvents = YES;
				INFOPLIST_KEY_UILaunchStoryboardName = LaunchScreen;
				INFOPLIST_KEY_UIMainStoryboardFile = Main;
				INFOPLIST_KEY_UISupportedInterfaceOrientations_iPad = "UIInterfaceOrientationPortrait UIInterfaceOrientationPortraitUpsideDown UIInterfaceOrientationLandscapeLeft UIInterfaceOrientationLandscapeRight";
				INFOPLIST_KEY_UISupportedInterfaceOrientations_iPhone = "UIInterfaceOrientationPortrait UIInterfaceOrientationLandscapeLeft UIInterfaceOrientationLandscapeRight";
				LD_RUNPATH_SEARCH_PATHS = (
					"$(inherited)",
					"@executable_path/Frameworks",
				);
				MARKETING_VERSION = 1.0;
				PRODUCT_BUNDLE_IDENTIFIER = com.yusiang.FoodPin;
				PRODUCT_NAME = "$(TARGET_NAME)";
				SWIFT_EMIT_LOC_STRINGS = YES;
				SWIFT_VERSION = 5.0;
				TARGETED_DEVICE_FAMILY = "1,2";
			};
			name = Debug;
		};
		EE13001D2848BD0E00F5EB49 /* Release */ = {
			isa = XCBuildConfiguration;
			buildSettings = {
				ASSETCATALOG_COMPILER_APPICON_NAME = AppIcon;
				ASSETCATALOG_COMPILER_GLOBAL_ACCENT_COLOR_NAME = AccentColor;
				CODE_SIGN_ENTITLEMENTS = FoodPin/FoodPin.entitlements;
				CODE_SIGN_STYLE = Automatic;
				CURRENT_PROJECT_VERSION = 1;
				DEVELOPMENT_TEAM = Y6QUADNDDA;
				GENERATE_INFOPLIST_FILE = YES;
				INFOPLIST_FILE = FoodPin/Info.plist;
				INFOPLIST_KEY_UIApplicationSupportsIndirectInputEvents = YES;
				INFOPLIST_KEY_UILaunchStoryboardName = LaunchScreen;
				INFOPLIST_KEY_UIMainStoryboardFile = Main;
				INFOPLIST_KEY_UISupportedInterfaceOrientations_iPad = "UIInterfaceOrientationPortrait UIInterfaceOrientationPortraitUpsideDown UIInterfaceOrientationLandscapeLeft UIInterfaceOrientationLandscapeRight";
				INFOPLIST_KEY_UISupportedInterfaceOrientations_iPhone = "UIInterfaceOrientationPortrait UIInterfaceOrientationLandscapeLeft UIInterfaceOrientationLandscapeRight";
				LD_RUNPATH_SEARCH_PATHS = (
					"$(inherited)",
					"@executable_path/Frameworks",
				);
				MARKETING_VERSION = 1.0;
				PRODUCT_BUNDLE_IDENTIFIER = com.yusiang.FoodPin;
				PRODUCT_NAME = "$(TARGET_NAME)";
				SWIFT_EMIT_LOC_STRINGS = YES;
				SWIFT_VERSION = 5.0;
				TARGETED_DEVICE_FAMILY = "1,2";
			};
			name = Release;
		};
/* End XCBuildConfiguration section */

/* Begin XCConfigurationList section */
		EE1300022848BD0E00F5EB49 /* Build configuration list for PBXProject "FoodPin" */ = {
			isa = XCConfigurationList;
			buildConfigurations = (
				EE1300192848BD0E00F5EB49 /* Debug */,
				EE13001A2848BD0E00F5EB49 /* Release */,
			);
			defaultConfigurationIsVisible = 0;
			defaultConfigurationName = Release;
		};
		EE13001B2848BD0E00F5EB49 /* Build configuration list for PBXNativeTarget "FoodPin" */ = {
			isa = XCConfigurationList;
			buildConfigurations = (
				EE13001C2848BD0E00F5EB49 /* Debug */,
				EE13001D2848BD0E00F5EB49 /* Release */,
			);
			defaultConfigurationIsVisible = 0;
			defaultConfigurationName = Release;
		};
/* End XCConfigurationList section */

/* Begin XCVersionGroup section */
		EE3C1D9828770B9200823D6B /* FoodPin.xcdatamodeld */ = {
			isa = XCVersionGroup;
			children = (
				EE3C1D9928770B9200823D6B /* FoodPin.xcdatamodel */,
			);
			currentVersion = EE3C1D9928770B9200823D6B /* FoodPin.xcdatamodel */;
			path = FoodPin.xcdatamodeld;
			sourceTree = "<group>";
			versionGroupType = wrapper.xcdatamodel;
		};
/* End XCVersionGroup section */
	};
	rootObject = EE13FFFF2848BD0E00F5EB49 /* Project object */;
}
