// !$*UTF8*$!
{
	archiveVersion = 1;
	classes = {
	};
	objectVersion = 55;
	objects = {

/* Begin PBXBuildFile section */
		EE13000B2848BD0E00F5EB49 /* AppDelegate.swift in Sources */ = {isa = PBXBuildFile; fileRef = EE13000A2848BD0E00F5EB49 /* AppDelegate.swift */; };
		EE13000D2848BD0E00F5EB49 /* SceneDelegate.swift in Sources */ = {isa = PBXBuildFile; fileRef = EE13000C2848BD0E00F5EB49 /* SceneDelegate.swift */; };
		EE1300122848BD0E00F5EB49 /* Main.storyboard in Resources */ = {isa = PBXBuildFile; fileRef = EE1300102848BD0E00F5EB49 /* Main.storyboard */; };
		EE1300142848BD0E00F5EB49 /* Assets.xcassets in Resources */ = {isa = PBXBuildFile; fileRef = EE1300132848BD0E00F5EB49 /* Assets.xcassets */; };
		EE1300172848BD0E00F5EB49 /* LaunchScreen.storyboard in Resources */ = {isa = PBXBuildFile; fileRef = EE1300152848BD0E00F5EB49 /* LaunchScreen.storyboard */; };
		EE13001F2848BF3B00F5EB49 /* RestaurantTableViewController.swift in Sources */ = {isa = PBXBuildFile; fileRef = EE13001E2848BF3B00F5EB49 /* RestaurantTableViewController.swift */; };
		EE1300212848F92600F5EB49 /* RestaurantTableViewCell.swift in Sources */ = {isa = PBXBuildFile; fileRef = EE1300202848F92600F5EB49 /* RestaurantTableViewCell.swift */; };
		EE4409A028587C900059AAB2 /* RestaurantDetailViewController.swift in Sources */ = {isa = PBXBuildFile; fileRef = EE44099F28587C900059AAB2 /* RestaurantDetailViewController.swift */; };
		EEDF6ABD2857549400D44A18 /* Restaurant.swift in Sources */ = {isa = PBXBuildFile; fileRef = EEDF6ABC2857549400D44A18 /* Restaurant.swift */; };
		EEDF6AC5285772A000D44A18 /* RestaurantDiffableDataSource.swift in Sources */ = {isa = PBXBuildFile; fileRef = EEDF6AC4285772A000D44A18 /* RestaurantDiffableDataSource.swift */; };
/* End PBXBuildFile section */

/* Begin PBXFileReference section */
		EE1300072848BD0E00F5EB49 /* FoodPin.app */ = {isa = PBXFileReference; explicitFileType = wrapper.application; includeInIndex = 0; path = FoodPin.app; sourceTree = BUILT_PRODUCTS_DIR; };
		EE13000A2848BD0E00F5EB49 /* AppDelegate.swift */ = {isa = PBXFileReference; lastKnownFileType = sourcecode.swift; path = AppDelegate.swift; sourceTree = "<group>"; };
		EE13000C2848BD0E00F5EB49 /* SceneDelegate.swift */ = {isa = PBXFileReference; lastKnownFileType = sourcecode.swift; path = SceneDelegate.swift; sourceTree = "<group>"; };
		EE1300112848BD0E00F5EB49 /* Base */ = {isa = PBXFileReference; lastKnownFileType = file.storyboard; name = Base; path = Base.lproj/Main.storyboard; sourceTree = "<group>"; };
		EE1300132848BD0E00F5EB49 /* Assets.xcassets */ = {isa = PBXFileReference; lastKnownFileType = folder.assetcatalog; path = Assets.xcassets; sourceTree = "<group>"; };
		EE1300162848BD0E00F5EB49 /* Base */ = {isa = PBXFileReference; lastKnownFileType = file.storyboard; name = Base; path = Base.lproj/LaunchScreen.storyboard; sourceTree = "<group>"; };
		EE1300182848BD0E00F5EB49 /* Info.plist */ = {isa = PBXFileReference; lastKnownFileType = text.plist.xml; path = Info.plist; sourceTree = "<group>"; };
		EE13001E2848BF3B00F5EB49 /* RestaurantTableViewController.swift */ = {isa = PBXFileReference; lastKnownFileType = sourcecode.swift; path = RestaurantTableViewController.swift; sourceTree = "<group>"; };
		EE1300202848F92600F5EB49 /* RestaurantTableViewCell.swift */ = {isa = PBXFileReference; lastKnownFileType = sourcecode.swift; path = RestaurantTableViewCell.swift; sourceTree = "<group>"; };
		EE44099F28587C900059AAB2 /* RestaurantDetailViewController.swift */ = {isa = PBXFileReference; lastKnownFileType = sourcecode.swift; path = RestaurantDetailViewController.swift; sourceTree = "<group>"; };
		EEDF6ABC2857549400D44A18 /* Restaurant.swift */ = {isa = PBXFileReference; lastKnownFileType = sourcecode.swift; path = Restaurant.swift; sourceTree = "<group>"; };
		EEDF6AC4285772A000D44A18 /* RestaurantDiffableDataSource.swift */ = {isa = PBXFileReference; lastKnownFileType = sourcecode.swift; path = RestaurantDiffableDataSource.swift; sourceTree = "<group>"; };
/* End PBXFileReference section */

/* Begin PBXFrameworksBuildPhase section */
		EE1300042848BD0E00F5EB49 /* Frameworks */ = {
			isa = PBXFrameworksBuildPhase;
			buildActionMask = 2147483647;
			files = (
			);
			runOnlyForDeploymentPostprocessing = 0;
		};
/* End PBXFrameworksBuildPhase section */

/* Begin PBXGroup section */
		EE1300082848BD0E00F5EB49 /* Products */ = {
			isa = PBXGroup;
			children = (
				EE1300072848BD0E00F5EB49 /* FoodPin.app */,
			);
			name = Products;
			sourceTree = "<group>";
		};
		EE1300092848BD0E00F5EB49 /* FoodPin */ = {
			isa = PBXGroup;
			children = (
				EEDF6AC128575C7200D44A18 /* Storyboard */,
				EEDF6ABF28575C2A00D44A18 /* Modle */,
				EEDF6AC028575C5100D44A18 /* View */,
				EEDF6ABE28575BFB00D44A18 /* Controller */,
				EE13000A2848BD0E00F5EB49 /* AppDelegate.swift */,
				EE13000C2848BD0E00F5EB49 /* SceneDelegate.swift */,
				EE1300132848BD0E00F5EB49 /* Assets.xcassets */,
				EE1300182848BD0E00F5EB49 /* Info.plist */,
			);
			path = FoodPin;
			sourceTree = "<group>";
		};
		EE13FFFE2848BD0E00F5EB49 = {
			isa = PBXGroup;
			children = (
				EE1300092848BD0E00F5EB49 /* FoodPin */,
				EE1300082848BD0E00F5EB49 /* Products */,
			);
			sourceTree = "<group>";
		};
		EEDF6ABE28575BFB00D44A18 /* Controller */ = {
			isa = PBXGroup;
			children = (
				EE13001E2848BF3B00F5EB49 /* RestaurantTableViewController.swift */,
				EE44099F28587C900059AAB2 /* RestaurantDetailViewController.swift */,
			);
			path = Controller;
			sourceTree = "<group>";
		};
		EEDF6ABF28575C2A00D44A18 /* Modle */ = {
			isa = PBXGroup;
			children = (
				EEDF6ABC2857549400D44A18 /* Restaurant.swift */,
				EEDF6AC4285772A000D44A18 /* RestaurantDiffableDataSource.swift */,
			);
			path = Modle;
			sourceTree = "<group>";
		};
		EEDF6AC028575C5100D44A18 /* View */ = {
			isa = PBXGroup;
			children = (
				EE1300202848F92600F5EB49 /* RestaurantTableViewCell.swift */,
			);
			path = View;
			sourceTree = "<group>";
		};
		EEDF6AC128575C7200D44A18 /* Storyboard */ = {
			isa = PBXGroup;
			children = (
				EE1300102848BD0E00F5EB49 /* Main.storyboard */,
				EE1300152848BD0E00F5EB49 /* LaunchScreen.storyboard */,
			);
			path = Storyboard;
			sourceTree = "<group>";
		};
/* End PBXGroup section */

/* Begin PBXNativeTarget section */
		EE1300062848BD0E00F5EB49 /* FoodPin */ = {
			isa = PBXNativeTarget;
			buildConfigurationList = EE13001B2848BD0E00F5EB49 /* Build configuration list for PBXNativeTarget "FoodPin" */;
			buildPhases = (
				EE1300032848BD0E00F5EB49 /* Sources */,
				EE1300042848BD0E00F5EB49 /* Frameworks */,
				EE1300052848BD0E00F5EB49 /* Resources */,
			);
			buildRules = (
			);
			dependencies = (
			);
			name = FoodPin;
			productName = FoodPin;
			productReference = EE1300072848BD0E00F5EB49 /* FoodPin.app */;
			productType = "com.apple.product-type.application";
		};
/* End PBXNativeTarget section */

/* Begin PBXProject section */
		EE13FFFF2848BD0E00F5EB49 /* Project object */ = {
			isa = PBXProject;
			attributes = {
				BuildIndependentTargetsInParallel = 1;
				LastSwiftUpdateCheck = 1340;
				LastUpgradeCheck = 1340;
				TargetAttributes = {
					EE1300062848BD0E00F5EB49 = {
						CreatedOnToolsVersion = 13.4;
					};
				};
			};
			buildConfigurationList = EE1300022848BD0E00F5EB49 /* Build configuration list for PBXProject "FoodPin" */;
			compatibilityVersion = "Xcode 13.0";
			developmentRegion = en;
			hasScannedForEncodings = 0;
			knownRegions = (
				en,
				Base,
			);
			mainGroup = EE13FFFE2848BD0E00F5EB49;
			productRefGroup = EE1300082848BD0E00F5EB49 /* Products */;
			projectDirPath = "";
			projectRoot = "";
			targets = (
				EE1300062848BD0E00F5EB49 /* FoodPin */,
			);
		};
/* End PBXProject section */

/* Begin PBXResourcesBuildPhase section */
		EE1300052848BD0E00F5EB49 /* Resources */ = {
			isa = PBXResourcesBuildPhase;
			buildActionMask = 2147483647;
			files = (
				EE1300172848BD0E00F5EB49 /* LaunchScreen.storyboard in Resources */,
				EE1300142848BD0E00F5EB49 /* Assets.xcassets in Resources */,
				EE1300122848BD0E00F5EB49 /* Main.storyboard in Resources */,
			);
			runOnlyForDeploymentPostprocessing = 0;
		};
/* End PBXResourcesBuildPhase section */

/* Begin PBXSourcesBuildPhase section */
		EE1300032848BD0E00F5EB49 /* Sources */ = {
			isa = PBXSourcesBuildPhase;
			buildActionMask = 2147483647;
			files = (
				EEDF6ABD2857549400D44A18 /* Restaurant.swift in Sources */,
				EE1300212848F92600F5EB49 /* RestaurantTableViewCell.swift in Sources */,
				EE13000B2848BD0E00F5EB49 /* AppDelegate.swift in Sources */,
				EE13000D2848BD0E00F5EB49 /* SceneDelegate.swift in Sources */,
				EEDF6AC5285772A000D44A18 /* RestaurantDiffableDataSource.swift in Sources */,
				EE4409A028587C900059AAB2 /* RestaurantDetailViewController.swift in Sources */,
				EE13001F2848BF3B00F5EB49 /* RestaurantTableViewController.swift in Sources */,
			);
			runOnlyForDeploymentPostprocessing = 0;
		};
/* End PBXSourcesBuildPhase section */

/* Begin PBXVariantGroup section */
		EE1300102848BD0E00F5EB49 /* Main.storyboard */ = {
			isa = PBXVariantGroup;
			children = (
				EE1300112848BD0E00F5EB49 /* Base */,
			);
			name = Main.storyboard;
			sourceTree = "<group>";
		};
		EE1300152848BD0E00F5EB49 /* LaunchScreen.storyboard */ = {
			isa = PBXVariantGroup;
			children = (
				EE1300162848BD0E00F5EB49 /* Base */,
			);
			name = LaunchScreen.storyboard;
			sourceTree = "<group>";
		};
/* End PBXVariantGroup section */

/* Begin XCBuildConfiguration section */
		EE1300192848BD0E00F5EB49 /* Debug */ = {
			isa = XCBuildConfiguration;
			buildSettings = {
				ALWAYS_SEARCH_USER_PATHS = NO;
				CLANG_ANALYZER_NONNULL = YES;
				CLANG_ANALYZER_NUMBER_OBJECT_CONVERSION = YES_AGGRESSIVE;
				CLANG_CXX_LANGUAGE_STANDARD = "gnu++17";
				CLANG_ENABLE_MODULES = YES;
				CLANG_ENABLE_OBJC_ARC = YES;
				CLANG_ENABLE_OBJC_WEAK = YES;
				CLANG_WARN_BLOCK_CAPTURE_AUTORELEASING = YES;
				CLANG_WARN_BOOL_CONVERSION = YES;
				CLANG_WARN_COMMA = YES;
				CLANG_WARN_CONSTANT_CONVERSION = YES;
				CLANG_WARN_DEPRECATED_OBJC_IMPLEMENTATIONS = YES;
				CLANG_WARN_DIRECT_OBJC_ISA_USAGE = YES_ERROR;
				CLANG_WARN_DOCUMENTATION_COMMENTS = YES;
				CLANG_WARN_EMPTY_BODY = YES;
				CLANG_WARN_ENUM_CONVERSION = YES;
				CLANG_WARN_INFINITE_RECURSION = YES;
				CLANG_WARN_INT_CONVERSION = YES;
				CLANG_WARN_NON_LITERAL_NULL_CONVERSION = YES;
				CLANG_WARN_OBJC_IMPLICIT_RETAIN_SELF = YES;
				CLANG_WARN_OBJC_LITERAL_CONVERSION = YES;
				CLANG_WARN_OBJC_ROOT_CLASS = YES_ERROR;
				CLANG_WARN_QUOTED_INCLUDE_IN_FRAMEWORK_HEADER = YES;
				CLANG_WARN_RANGE_LOOP_ANALYSIS = YES;
				CLANG_WARN_STRICT_PROTOTYPES = YES;
				CLANG_WARN_SUSPICIOUS_MOVE = YES;
				CLANG_WARN_UNGUARDED_AVAILABILITY = YES_AGGRESSIVE;
				CLANG_WARN_UNREACHABLE_CODE = YES;
				CLANG_WARN__DUPLICATE_METHOD_MATCH = YES;
				COPY_PHASE_STRIP = NO;
				DEBUG_INFORMATION_FORMAT = dwarf;
				ENABLE_STRICT_OBJC_MSGSEND = YES;
				ENABLE_TESTABILITY = YES;
				GCC_C_LANGUAGE_STANDARD = gnu11;
				GCC_DYNAMIC_NO_PIC = NO;
				GCC_NO_COMMON_BLOCKS = YES;
				GCC_OPTIMIZATION_LEVEL = 0;
				GCC_PREPROCESSOR_DEFINITIONS = (
					"DEBUG=1",
					"$(inherited)",
				);
				GCC_WARN_64_TO_32_BIT_CONVERSION = YES;
				GCC_WARN_ABOUT_RETURN_TYPE = YES_ERROR;
				GCC_WARN_UNDECLARED_SELECTOR = YES;
				GCC_WARN_UNINITIALIZED_AUTOS = YES_AGGRESSIVE;
				GCC_WARN_UNUSED_FUNCTION = YES;
				GCC_WARN_UNUSED_VARIABLE = YES;
				IPHONEOS_DEPLOYMENT_TARGET = 15.5;
				MTL_ENABLE_DEBUG_INFO = INCLUDE_SOURCE;
				MTL_FAST_MATH = YES;
				ONLY_ACTIVE_ARCH = YES;
				SDKROOT = iphoneos;
				SWIFT_ACTIVE_COMPILATION_CONDITIONS = DEBUG;
				SWIFT_OPTIMIZATION_LEVEL = "-Onone";
			};
			name = Debug;
		};
		EE13001A2848BD0E00F5EB49 /* Release */ = {
			isa = XCBuildConfiguration;
			buildSettings = {
				ALWAYS_SEARCH_USER_PATHS = NO;
				CLANG_ANALYZER_NONNULL = YES;
				CLANG_ANALYZER_NUMBER_OBJECT_CONVERSION = YES_AGGRESSIVE;
				CLANG_CXX_LANGUAGE_STANDARD = "gnu++17";
				CLANG_ENABLE_MODULES = YES;
				CLANG_ENABLE_OBJC_ARC = YES;
				CLANG_ENABLE_OBJC_WEAK = YES;
				CLANG_WARN_BLOCK_CAPTURE_AUTORELEASING = YES;
				CLANG_WARN_BOOL_CONVERSION = YES;
				CLANG_WARN_COMMA = YES;
				CLANG_WARN_CONSTANT_CONVERSION = YES;
				CLANG_WARN_DEPRECATED_OBJC_IMPLEMENTATIONS = YES;
				CLANG_WARN_DIRECT_OBJC_ISA_USAGE = YES_ERROR;
				CLANG_WARN_DOCUMENTATION_COMMENTS = YES;
				CLANG_WARN_EMPTY_BODY = YES;
				CLANG_WARN_ENUM_CONVERSION = YES;
				CLANG_WARN_INFINITE_RECURSION = YES;
				CLANG_WARN_INT_CONVERSION = YES;
				CLANG_WARN_NON_LITERAL_NULL_CONVERSION = YES;
				CLANG_WARN_OBJC_IMPLICIT_RETAIN_SELF = YES;
				CLANG_WARN_OBJC_LITERAL_CONVERSION = YES;
				CLANG_WARN_OBJC_ROOT_CLASS = YES_ERROR;
				CLANG_WARN_QUOTED_INCLUDE_IN_FRAMEWORK_HEADER = YES;
				CLANG_WARN_RANGE_LOOP_ANALYSIS = YES;
				CLANG_WARN_STRICT_PROTOTYPES = YES;
				CLANG_WARN_SUSPICIOUS_MOVE = YES;
				CLANG_WARN_UNGUARDED_AVAILABILITY = YES_AGGRESSIVE;
				CLANG_WARN_UNREACHABLE_CODE = YES;
				CLANG_WARN__DUPLICATE_METHOD_MATCH = YES;
				COPY_PHASE_STRIP = NO;
				DEBUG_INFORMATION_FORMAT = "dwarf-with-dsym";
				ENABLE_NS_ASSERTIONS = NO;
				ENABLE_STRICT_OBJC_MSGSEND = YES;
				GCC_C_LANGUAGE_STANDARD = gnu11;
				GCC_NO_COMMON_BLOCKS = YES;
				GCC_WARN_64_TO_32_BIT_CONVERSION = YES;
				GCC_WARN_ABOUT_RETURN_TYPE = YES_ERROR;
				GCC_WARN_UNDECLARED_SELECTOR = YES;
				GCC_WARN_UNINITIALIZED_AUTOS = YES_AGGRESSIVE;
				GCC_WARN_UNUSED_FUNCTION = YES;
				GCC_WARN_UNUSED_VARIABLE = YES;
				IPHONEOS_DEPLOYMENT_TARGET = 15.5;
				MTL_ENABLE_DEBUG_INFO = NO;
				MTL_FAST_MATH = YES;
				SDKROOT = iphoneos;
				SWIFT_COMPILATION_MODE = wholemodule;
				SWIFT_OPTIMIZATION_LEVEL = "-O";
				VALIDATE_PRODUCT = YES;
			};
			name = Release;
		};
		EE13001C2848BD0E00F5EB49 /* Debug */ = {
			isa = XCBuildConfiguration;
			buildSettings = {
				ASSETCATALOG_COMPILER_APPICON_NAME = AppIcon;
				ASSETCATALOG_COMPILER_GLOBAL_ACCENT_COLOR_NAME = AccentColor;
				CODE_SIGN_STYLE = Automatic;
				CURRENT_PROJECT_VERSION = 1;
				GENERATE_INFOPLIST_FILE = YES;
				INFOPLIST_FILE = FoodPin/Info.plist;
				INFOPLIST_KEY_UIApplicationSupportsIndirectInputEvents = YES;
				INFOPLIST_KEY_UILaunchStoryboardName = LaunchScreen;
				INFOPLIST_KEY_UIMainStoryboardFile = Main;
				INFOPLIST_KEY_UISupportedInterfaceOrientations_iPad = "UIInterfaceOrientationPortrait UIInterfaceOrientationPortraitUpsideDown UIInterfaceOrientationLandscapeLeft UIInterfaceOrientationLandscapeRight";
				INFOPLIST_KEY_UISupportedInterfaceOrientations_iPhone = "UIInterfaceOrientationPortrait UIInterfaceOrientationLandscapeLeft UIInterfaceOrientationLandscapeRight";
				LD_RUNPATH_SEARCH_PATHS = (
					"$(inherited)",
					"@executable_path/Frameworks",
				);
				MARKETING_VERSION = 1.0;
				PRODUCT_BUNDLE_IDENTIFIER = com.yusiang.FoodPin;
				PRODUCT_NAME = "$(TARGET_NAME)";
				SWIFT_EMIT_LOC_STRINGS = YES;
				SWIFT_VERSION = 5.0;
				TARGETED_DEVICE_FAMILY = "1,2";
			};
			name = Debug;
		};
		EE13001D2848BD0E00F5EB49 /* Release */ = {
			isa = XCBuildConfiguration;
			buildSettings = {
				ASSETCATALOG_COMPILER_APPICON_NAME = AppIcon;
				ASSETCATALOG_COMPILER_GLOBAL_ACCENT_COLOR_NAME = AccentColor;
				CODE_SIGN_STYLE = Automatic;
				CURRENT_PROJECT_VERSION = 1;
				GENERATE_INFOPLIST_FILE = YES;
				INFOPLIST_FILE = FoodPin/Info.plist;
				INFOPLIST_KEY_UIApplicationSupportsIndirectInputEvents = YES;
				INFOPLIST_KEY_UILaunchStoryboardName = LaunchScreen;
				INFOPLIST_KEY_UIMainStoryboardFile = Main;
				INFOPLIST_KEY_UISupportedInterfaceOrientations_iPad = "UIInterfaceOrientationPortrait UIInterfaceOrientationPortraitUpsideDown UIInterfaceOrientationLandscapeLeft UIInterfaceOrientationLandscapeRight";
				INFOPLIST_KEY_UISupportedInterfaceOrientations_iPhone = "UIInterfaceOrientationPortrait UIInterfaceOrientationLandscapeLeft UIInterfaceOrientationLandscapeRight";
				LD_RUNPATH_SEARCH_PATHS = (
					"$(inherited)",
					"@executable_path/Frameworks",
				);
				MARKETING_VERSION = 1.0;
				PRODUCT_BUNDLE_IDENTIFIER = com.yusiang.FoodPin;
				PRODUCT_NAME = "$(TARGET_NAME)";
				SWIFT_EMIT_LOC_STRINGS = YES;
				SWIFT_VERSION = 5.0;
				TARGETED_DEVICE_FAMILY = "1,2";
			};
			name = Release;
		};
/* End XCBuildConfiguration section */

/* Begin XCConfigurationList section */
		EE1300022848BD0E00F5EB49 /* Build configuration list for PBXProject "FoodPin" */ = {
			isa = XCConfigurationList;
			buildConfigurations = (
				EE1300192848BD0E00F5EB49 /* Debug */,
				EE13001A2848BD0E00F5EB49 /* Release */,
			);
			defaultConfigurationIsVisible = 0;
			defaultConfigurationName = Release;
		};
		EE13001B2848BD0E00F5EB49 /* Build configuration list for PBXNativeTarget "FoodPin" */ = {
			isa = XCConfigurationList;
			buildConfigurations = (
				EE13001C2848BD0E00F5EB49 /* Debug */,
				EE13001D2848BD0E00F5EB49 /* Release */,
			);
			defaultConfigurationIsVisible = 0;
			defaultConfigurationName = Release;
		};
/* End XCConfigurationList section */
	};
	rootObject = EE13FFFF2848BD0E00F5EB49 /* Project object */;
}
